{
  "name": "slack-cloudflare-workers",
  "version": "0.13.4",
  "lockfileVersion": 3,
  "requires": true,
  "packages": {
    "": {
      "name": "slack-cloudflare-workers",
      "version": "0.13.4",
      "license": "MIT",
      "dependencies": {
        "slack-edge": "^0.13.4"
      },
      "devDependencies": {
        "prettier": "^3.3.2",
        "typescript": "^5.5.3"
      }
    },
    "node_modules/prettier": {
      "version": "3.3.2",
      "resolved": "https://registry.npmjs.org/prettier/-/prettier-3.3.2.tgz",
      "integrity": "sha512-rAVeHYMcv8ATV5d508CFdn+8/pHPpXeIid1DdrPwXnaAdH7cqjVbpJaT5eq4yRAFU/lsbwYwSF/n5iNrdJHPQA==",
      "dev": true,
      "license": "MIT",
      "bin": {
        "prettier": "bin/prettier.cjs"
      },
      "engines": {
        "node": ">=14"
      },
      "funding": {
        "url": "https://github.com/prettier/prettier?sponsor=1"
      }
    },
    "node_modules/slack-edge": {
      "version": "0.13.4",
      "resolved": "https://registry.npmjs.org/slack-edge/-/slack-edge-0.13.4.tgz",
      "integrity": "sha512-iv3bWINTOiEtaobSYufNqsbDzbvdhtkL7h9VysqYfvY30gdlSMgy5SnsBTRMOS87QI0SjJnqeT+HAWOyv6ffDQ==",
      "license": "MIT",
      "dependencies": {
        "slack-web-api-client": "^0.13.4"
      }
    },
    "node_modules/slack-web-api-client": {
      "version": "0.13.4",
      "resolved": "https://registry.npmjs.org/slack-web-api-client/-/slack-web-api-client-0.13.4.tgz",
      "integrity": "sha512-aWegPyFA8Pp5MbIZHlz9JheFGvTfiN+UoSVbSPFrcEWAQbA2QMvESmeoyL9603ccmLtNzNOgi+VDvCLIwCicMw==",
      "license": "MIT"
    },
    "node_modules/typescript": {
      "version": "5.5.3",
      "resolved": "https://registry.npmjs.org/typescript/-/typescript-5.5.3.tgz",
      "integrity": "sha512-/hreyEujaB0w76zKo6717l3L0o/qEUtRgdvUBvlkhoWeOVMjMuHNHk0BRBzikzuGDqNmPQbg5ifMEqsHLiIUcQ==",
      "dev": true,
      "license": "Apache-2.0",
      "bin": {
        "tsc": "bin/tsc",
        "tsserver": "bin/tsserver"
      },
      "engines": {
        "node": ">=14.17"
      }
    }
  }
}
