{
  "name": "slack-cloudflare-workers",
  "version": "0.10.0",
  "lockfileVersion": 3,
  "requires": true,
  "packages": {
    "": {
      "name": "slack-cloudflare-workers",
      "version": "0.10.0",
      "license": "MIT",
      "dependencies": {
        "slack-edge": "^0.10.0"
      },
      "devDependencies": {
        "prettier": "^3.2.4",
        "typescript": "^5.3.3"
      }
    },
    "node_modules/prettier": {
      "version": "3.2.4",
      "resolved": "https://registry.npmjs.org/prettier/-/prettier-3.2.4.tgz",
      "integrity": "sha512-FWu1oLHKCrtpO1ypU6J0SbK2d9Ckwysq6bHj/uaCP26DxrPpppCLQRGVuqAxSTvhF00AcvDRyYrLNW7ocBhFFQ==",
      "dev": true,
      "bin": {
        "prettier": "bin/prettier.cjs"
      },
      "engines": {
        "node": ">=14"
      },
      "funding": {
        "url": "https://github.com/prettier/prettier?sponsor=1"
      }
    },
    "node_modules/slack-edge": {
      "version": "0.10.0",
      "resolved": "https://registry.npmjs.org/slack-edge/-/slack-edge-0.10.0.tgz",
      "integrity": "sha512-KF1LYvi6O3OqHGyYF1qsxTZpSrA9FJTDppQ1jsluyDMdFb9PCSDr4unL3eUjmxbKwZWTWgJZ3iWpuG9r8gfjAw==",
      "dependencies": {
        "slack-web-api-client": "^0.8.0"
      }
    },
    "node_modules/slack-web-api-client": {
      "version": "0.8.0",
      "resolved": "https://registry.npmjs.org/slack-web-api-client/-/slack-web-api-client-0.8.0.tgz",
      "integrity": "sha512-YaTJeK/m6960+1cEmzONqm81CWCcYrpH2BcuXsizIwbidfZtudwllDMCzrU9p37FjNQzGgmOM+hkPhYRxr4gGA=="
    },
    "node_modules/typescript": {
      "version": "5.3.3",
      "resolved": "https://registry.npmjs.org/typescript/-/typescript-5.3.3.tgz",
      "integrity": "sha512-pXWcraxM0uxAS+tN0AG/BF2TyqmHO014Z070UsJ+pFvYuRSq8KH8DmWpnbXe0pEPDHXZV3FcAbJkijJ5oNEnWw==",
      "dev": true,
      "bin": {
        "tsc": "bin/tsc",
        "tsserver": "bin/tsserver"
      },
      "engines": {
        "node": ">=14.17"
      }
    }
  }
}
