{
  "name": "slack-cloudflare-workers",
  "version": "1.1.1",
  "lockfileVersion": 3,
  "requires": true,
  "packages": {
    "": {
      "name": "slack-cloudflare-workers",
      "version": "1.1.1",
      "license": "MIT",
      "dependencies": {
        "@cloudflare/workers-types": "^4.20240725.0",
        "slack-edge": "^1.1.1"
      },
      "devDependencies": {
        "@biomejs/biome": "^1.9.1",
        "typescript": "^5.6.2"
      }
    },
    "node_modules/@biomejs/biome": {
      "version": "1.9.1",
      "resolved": "https://registry.npmjs.org/@biomejs/biome/-/biome-1.9.1.tgz",
      "integrity": "sha512-Ps0Rg0zg3B1zpx+zQHMz5b0n0PBNCAaXttHEDTVrJD5YXR6Uj3T+abTDgeS3wsu4z5i2whqcE1lZxGyWH4bZYg==",
      "dev": true,
      "hasInstallScript": true,
      "license": "MIT OR Apache-2.0",
      "bin": {
        "biome": "bin/biome"
      },
      "engines": {
        "node": ">=14.21.3"
      },
      "funding": {
        "type": "opencollective",
        "url": "https://opencollective.com/biome"
      },
      "optionalDependencies": {
        "@biomejs/cli-darwin-arm64": "1.9.1",
        "@biomejs/cli-darwin-x64": "1.9.1",
        "@biomejs/cli-linux-arm64": "1.9.1",
        "@biomejs/cli-linux-arm64-musl": "1.9.1",
        "@biomejs/cli-linux-x64": "1.9.1",
        "@biomejs/cli-linux-x64-musl": "1.9.1",
        "@biomejs/cli-win32-arm64": "1.9.1",
        "@biomejs/cli-win32-x64": "1.9.1"
      }
    },
    "node_modules/@biomejs/cli-darwin-arm64": {
      "version": "1.9.1",
      "resolved": "https://registry.npmjs.org/@biomejs/cli-darwin-arm64/-/cli-darwin-arm64-1.9.1.tgz",
      "integrity": "sha512-js0brHswq/BoeKgfSEUJYOjUOlML6p65Nantti+PsoQ61u9+YVGIZ7325LK7iUpDH8KVJT+Bx7K2b/6Q//W1Pw==",
      "cpu": [
        "arm64"
      ],
      "dev": true,
      "license": "MIT OR Apache-2.0",
      "optional": true,
      "os": [
        "darwin"
      ],
      "engines": {
        "node": ">=14.21.3"
      }
    },
    "node_modules/@biomejs/cli-darwin-x64": {
      "version": "1.9.1",
      "resolved": "https://registry.npmjs.org/@biomejs/cli-darwin-x64/-/cli-darwin-x64-1.9.1.tgz",
      "integrity": "sha512-2zVyjUg5rN0k8XrytkubQWLbp2r/AS5wPhXs4vgVjvqbLnzo32EGX8p61gzroF2dH9DCUCfskdrigCGqNdEbpg==",
      "cpu": [
        "x64"
      ],
      "dev": true,
      "license": "MIT OR Apache-2.0",
      "optional": true,
      "os": [
        "darwin"
      ],
      "engines": {
        "node": ">=14.21.3"
      }
    },
    "node_modules/@biomejs/cli-linux-arm64": {
      "version": "1.9.1",
      "resolved": "https://registry.npmjs.org/@biomejs/cli-linux-arm64/-/cli-linux-arm64-1.9.1.tgz",
      "integrity": "sha512-QgxwfnG+r2aer5RNGR67Ey91Tv7xXW8E9YckHhwuyWjdLEvKWkrSJrhVG/6ub0kVvTSNkYOuT/7/jMOFBuUbRA==",
      "cpu": [
        "arm64"
      ],
      "dev": true,
      "license": "MIT OR Apache-2.0",
      "optional": true,
      "os": [
        "linux"
      ],
      "engines": {
        "node": ">=14.21.3"
      }
    },
    "node_modules/@biomejs/cli-linux-arm64-musl": {
      "version": "1.9.1",
      "resolved": "https://registry.npmjs.org/@biomejs/cli-linux-arm64-musl/-/cli-linux-arm64-musl-1.9.1.tgz",
      "integrity": "sha512-L/JmXKvhsZ1lTgqOr3tWkzuY/NRppdIscHeC9aaiR72WjnBgJS94mawl9BWmGB3aWBc0q6oSDWnBS7617EMMmA==",
      "cpu": [
        "arm64"
      ],
      "dev": true,
      "license": "MIT OR Apache-2.0",
      "optional": true,
      "os": [
        "linux"
      ],
      "engines": {
        "node": ">=14.21.3"
      }
    },
    "node_modules/@biomejs/cli-linux-x64": {
      "version": "1.9.1",
      "resolved": "https://registry.npmjs.org/@biomejs/cli-linux-x64/-/cli-linux-x64-1.9.1.tgz",
      "integrity": "sha512-F0INygtzI2L2n2R1KtYHGr3YWDt9Up1zrUluwembM+iJ1dXN3qzlSb7deFUsSJm4FaIPriqs6Xa56ukdQW6UeQ==",
      "cpu": [
        "x64"
      ],
      "dev": true,
      "license": "MIT OR Apache-2.0",
      "optional": true,
      "os": [
        "linux"
      ],
      "engines": {
        "node": ">=14.21.3"
      }
    },
    "node_modules/@biomejs/cli-linux-x64-musl": {
      "version": "1.9.1",
      "resolved": "https://registry.npmjs.org/@biomejs/cli-linux-x64-musl/-/cli-linux-x64-musl-1.9.1.tgz",
      "integrity": "sha512-gY+eFLIAW45v3WicQHicvjRfA0ntMZHx7h937bXwBMFNFoKmB6rMi6+fKQ6/hiS6juhsFxZdZIz20m15s49J6A==",
      "cpu": [
        "x64"
      ],
      "dev": true,
      "license": "MIT OR Apache-2.0",
      "optional": true,
      "os": [
        "linux"
      ],
      "engines": {
        "node": ">=14.21.3"
      }
    },
    "node_modules/@biomejs/cli-win32-arm64": {
      "version": "1.9.1",
      "resolved": "https://registry.npmjs.org/@biomejs/cli-win32-arm64/-/cli-win32-arm64-1.9.1.tgz",
      "integrity": "sha512-7Jahxar3OB+aTPOgXisMJmMKMsjcK+UmdlG3UIOQjzN/ZFEsPV+GT3bfrVjZDQaCw/zes0Cqd7VTWFjFTC/+MQ==",
      "cpu": [
        "arm64"
      ],
      "dev": true,
      "license": "MIT OR Apache-2.0",
      "optional": true,
      "os": [
        "win32"
      ],
      "engines": {
        "node": ">=14.21.3"
      }
    },
    "node_modules/@biomejs/cli-win32-x64": {
      "version": "1.9.1",
      "resolved": "https://registry.npmjs.org/@biomejs/cli-win32-x64/-/cli-win32-x64-1.9.1.tgz",
      "integrity": "sha512-liSRWjWzFhyG7s1jg/Bbv9FL+ha/CEd5tFO3+dFIJNplL4TnvAivtyfRVi/tu/pNjISbV1k9JwdBewtAKAgA0w==",
      "cpu": [
        "x64"
      ],
      "dev": true,
      "license": "MIT OR Apache-2.0",
      "optional": true,
      "os": [
        "win32"
      ],
      "engines": {
        "node": ">=14.21.3"
      }
    },
    "node_modules/@cloudflare/workers-types": {
      "version": "4.20240725.0",
      "resolved": "https://registry.npmjs.org/@cloudflare/workers-types/-/workers-types-4.20240725.0.tgz",
      "integrity": "sha512-L6T/Bg50zm9IIACQVQ0CdVcQL+2nLkRXdPz6BsXF3SlzgjyWR5ndVctAbfr/HLV7aKYxWnnEZsIORsTWb+FssA==",
      "license": "MIT OR Apache-2.0"
    },
    "node_modules/slack-edge": {
      "version": "1.1.1",
      "resolved": "https://registry.npmjs.org/slack-edge/-/slack-edge-1.1.1.tgz",
      "integrity": "sha512-dUkqONiU5OlXKZHaZQKfJK6BwfAtsxz8LhpRtZf0865PrVta1fYCr5AHn4VOTVJsyswPtdeoN2LQxfnRbNy+sA==",
      "license": "MIT",
      "dependencies": {
        "slack-web-api-client": "^1.1.2"
      }
    },
    "node_modules/slack-web-api-client": {
      "version": "1.1.2",
      "resolved": "https://registry.npmjs.org/slack-web-api-client/-/slack-web-api-client-1.1.2.tgz",
      "integrity": "sha512-d8NkIwDHPmneMCDbpQNMNNpgQSk9fx+USs3t/E3ZPrw+S+/kkq7RhEi6FSrf7vSPNgFmOMZ57p+45hfkFi7wjQ==",
      "license": "MIT"
    },
    "node_modules/typescript": {
      "version": "5.6.2",
      "resolved": "https://registry.npmjs.org/typescript/-/typescript-5.6.2.tgz",
      "integrity": "sha512-NW8ByodCSNCwZeghjN3o+JX5OFH0Ojg6sadjEKY4huZ52TqbJTJnDo5+Tw98lSy63NZvi4n+ez5m2u5d4PkZyw==",
      "dev": true,
      "license": "Apache-2.0",
      "bin": {
        "tsc": "bin/tsc",
        "tsserver": "bin/tsserver"
      },
      "engines": {
        "node": ">=14.17"
      }
    }
  }
}
